
Microsoft Visual Studio Solution File, Format Version 12.00
# Visual Studio Version 16
VisualStudioVersion = 16.0.30002.166
MinimumVisualStudioVersion = 10.0.40219.1
Project("{FAE04EC0-301F-11D3-BF4B-00C04F79EFBC}") = "Presentacion", "Presentacion\Presentacion.csproj", "{EF44559E-3346-43E0-A1A5-CAE8E8292C45}"
EndProject
Project("{FAE04EC0-301F-11D3-BF4B-00C04F79EFBC}") = "Dominio", "Dominio\Dominio.csproj", "{CCE5A1F8-4071-4F00-B14E-1716D94C8B61}"
EndProject
Project("{FAE04EC0-301F-11D3-BF4B-00C04F79EFBC}") = "Negocio", "Negocio\Negocio.csproj", "{EA954C8B-540D-4DA5-86AF-B28DD7A258EF}"
EndProject
Project("{FAE04EC0-301F-11D3-BF4B-00C04F79EFBC}") = "CatalogoWeb", "CatalogoWeb\CatalogoWeb.csproj", "{19A3317D-F068-41BF-98C7-B3F6059C6CA7}"
EndProject
Global
	GlobalSection(SolutionConfigurationPlatforms) = preSolution
		Debug|Any CPU = Debug|Any CPU
		Release|Any CPU = Release|Any CPU
	EndGlobalSection
	GlobalSection(ProjectConfigurationPlatforms) = postSolution
		{EF44559E-3346-43E0-A1A5-CAE8E8292C45}.Debug|Any CPU.ActiveCfg = Debug|Any CPU
		{EF44559E-3346-43E0-A1A5-CAE8E8292C45}.Debug|Any CPU.Build.0 = Debug|Any CPU
		{EF44559E-3346-43E0-A1A5-CAE8E8292C45}.Release|Any CPU.ActiveCfg = Release|Any CPU
		{EF44559E-3346-43E0-A1A5-CAE8E8292C45}.Release|Any CPU.Build.0 = Release|Any CPU
		{CCE5A1F8-4071-4F00-B14E-1716D94C8B61}.Debug|Any CPU.ActiveCfg = Debug|Any CPU
		{CCE5A1F8-4071-4F00-B14E-1716D94C8B61}.Debug|Any CPU.Build.0 = Debug|Any CPU
		{CCE5A1F8-4071-4F00-B14E-1716D94C8B61}.Release|Any CPU.ActiveCfg = Release|Any CPU
		{CCE5A1F8-4071-4F00-B14E-1716D94C8B61}.Release|Any CPU.Build.0 = Release|Any CPU
		{EA954C8B-540D-4DA5-86AF-B28DD7A258EF}.Debug|Any CPU.ActiveCfg = Debug|Any CPU
		{EA954C8B-540D-4DA5-86AF-B28DD7A258EF}.Debug|Any CPU.Build.0 = Debug|Any CPU
		{EA954C8B-540D-4DA5-86AF-B28DD7A258EF}.Release|Any CPU.ActiveCfg = Release|Any CPU
		{EA954C8B-540D-4DA5-86AF-B28DD7A258EF}.Release|Any CPU.Build.0 = Release|Any CPU
		{19A3317D-F068-41BF-98C7-B3F6059C6CA7}.Debug|Any CPU.ActiveCfg = Debug|Any CPU
		{19A3317D-F068-41BF-98C7-B3F6059C6CA7}.Debug|Any CPU.Build.0 = Debug|Any CPU
		{19A3317D-F068-41BF-98C7-B3F6059C6CA7}.Release|Any CPU.ActiveCfg = Release|Any CPU
		{19A3317D-F068-41BF-98C7-B3F6059C6CA7}.Release|Any CPU.Build.0 = Release|Any CPU
	EndGlobalSection
	GlobalSection(SolutionProperties) = preSolution
		HideSolutionNode = FALSE
	EndGlobalSection
	GlobalSection(ExtensibilityGlobals) = postSolution
		SolutionGuid = {C2FBCCC2-C225-449C-ABB5-F081839BA200}
	EndGlobalSection
EndGlobal
